// !$*UTF8*$!
{
	archiveVersion = 1;
	classes = {
	};
	objectVersion = 56;
	objects = {

/* Begin PBXBuildFile section */
		A534CC6D2B09B918000898E6 /* AppDelegate.swift in Sources */ = {isa = PBXBuildFile; fileRef = A534CC6C2B09B918000898E6 /* AppDelegate.swift */; };
		A534CC6F2B09B918000898E6 /* SceneDelegate.swift in Sources */ = {isa = PBXBuildFile; fileRef = A534CC6E2B09B918000898E6 /* SceneDelegate.swift */; };
		A534CC712B09B918000898E6 /* ViewController.swift in Sources */ = {isa = PBXBuildFile; fileRef = A534CC702B09B918000898E6 /* ViewController.swift */; };
		A534CC742B09B918000898E6 /* Main.storyboard in Resources */ = {isa = PBXBuildFile; fileRef = A534CC722B09B918000898E6 /* Main.storyboard */; };
		A534CC762B09B919000898E6 /* Assets.xcassets in Resources */ = {isa = PBXBuildFile; fileRef = A534CC752B09B919000898E6 /* Assets.xcassets */; };
		A534CC792B09B919000898E6 /* LaunchScreen.storyboard in Resources */ = {isa = PBXBuildFile; fileRef = A534CC772B09B919000898E6 /* LaunchScreen.storyboard */; };
		A534CC852B09BA4F000898E6 /* WisataModel.swift in Sources */ = {isa = PBXBuildFile; fileRef = A534CC842B09BA4F000898E6 /* WisataModel.swift */; };
		A534CC882B09BBCC000898E6 /* WisataTableViewCell.swift in Sources */ = {isa = PBXBuildFile; fileRef = A534CC862B09BBCC000898E6 /* WisataTableViewCell.swift */; };
		A534CC892B09BBCC000898E6 /* WisataTableViewCell.xib in Resources */ = {isa = PBXBuildFile; fileRef = A534CC872B09BBCC000898E6 /* WisataTableViewCell.xib */; };
		A58AB9E22B09CB0A006CE855 /* DetailWisataViewController.swift in Sources */ = {isa = PBXBuildFile; fileRef = A58AB9E12B09CB0A006CE855 /* DetailWisataViewController.swift */; };
		A5A4178E2B09E106004D1517 /* ProfileViewController.swift in Sources */ = {isa = PBXBuildFile; fileRef = A5A4178D2B09E106004D1517 /* ProfileViewController.swift */; };
/* End PBXBuildFile section */

/* Begin PBXFileReference section */
		A534CC692B09B918000898E6 /* WisataBandung.app */ = {isa = PBXFileReference; explicitFileType = wrapper.application; includeInIndex = 0; path = WisataBandung.app; sourceTree = BUILT_PRODUCTS_DIR; };
		A534CC6C2B09B918000898E6 /* AppDelegate.swift */ = {isa = PBXFileReference; lastKnownFileType = sourcecode.swift; path = AppDelegate.swift; sourceTree = "<group>"; };
		A534CC6E2B09B918000898E6 /* SceneDelegate.swift */ = {isa = PBXFileReference; lastKnownFileType = sourcecode.swift; path = SceneDelegate.swift; sourceTree = "<group>"; };
		A534CC702B09B918000898E6 /* ViewController.swift */ = {isa = PBXFileReference; lastKnownFileType = sourcecode.swift; path = ViewController.swift; sourceTree = "<group>"; };
		A534CC732B09B918000898E6 /* Base */ = {isa = PBXFileReference; lastKnownFileType = file.storyboard; name = Base; path = Base.lproj/Main.storyboard; sourceTree = "<group>"; };
		A534CC752B09B919000898E6 /* Assets.xcassets */ = {isa = PBXFileReference; lastKnownFileType = folder.assetcatalog; path = Assets.xcassets; sourceTree = "<group>"; };
		A534CC782B09B919000898E6 /* Base */ = {isa = PBXFileReference; lastKnownFileType = file.storyboard; name = Base; path = Base.lproj/LaunchScreen.storyboard; sourceTree = "<group>"; };
		A534CC7A2B09B919000898E6 /* Info.plist */ = {isa = PBXFileReference; lastKnownFileType = text.plist.xml; path = Info.plist; sourceTree = "<group>"; };
		A534CC842B09BA4F000898E6 /* WisataModel.swift */ = {isa = PBXFileReference; lastKnownFileType = sourcecode.swift; path = WisataModel.swift; sourceTree = "<group>"; };
		A534CC862B09BBCC000898E6 /* WisataTableViewCell.swift */ = {isa = PBXFileReference; lastKnownFileType = sourcecode.swift; path = WisataTableViewCell.swift; sourceTree = "<group>"; };
		A534CC872B09BBCC000898E6 /* WisataTableViewCell.xib */ = {isa = PBXFileReference; lastKnownFileType = file.xib; path = WisataTableViewCell.xib; sourceTree = "<group>"; };
		A58AB9E12B09CB0A006CE855 /* DetailWisataViewController.swift */ = {isa = PBXFileReference; lastKnownFileType = sourcecode.swift; path = DetailWisataViewController.swift; sourceTree = "<group>"; };
		A5A4178D2B09E106004D1517 /* ProfileViewController.swift */ = {isa = PBXFileReference; lastKnownFileType = sourcecode.swift; path = ProfileViewController.swift; sourceTree = "<group>"; };
/* End PBXFileReference section */

/* Begin PBXFrameworksBuildPhase section */
		A534CC662B09B918000898E6 /* Frameworks */ = {
			isa = PBXFrameworksBuildPhase;
			buildActionMask = 2147483647;
			files = (
			);
			runOnlyForDeploymentPostprocessing = 0;
		};
/* End PBXFrameworksBuildPhase section */

/* Begin PBXGroup section */
		A534CC602B09B918000898E6 = {
			isa = PBXGroup;
			children = (
				A534CC6B2B09B918000898E6 /* WisataBandung */,
				A534CC6A2B09B918000898E6 /* Products */,
			);
			sourceTree = "<group>";
		};
		A534CC6A2B09B918000898E6 /* Products */ = {
			isa = PBXGroup;
			children = (
				A534CC692B09B918000898E6 /* WisataBandung.app */,
			);
			name = Products;
			sourceTree = "<group>";
		};
		A534CC6B2B09B918000898E6 /* WisataBandung */ = {
			isa = PBXGroup;
			children = (
				A58AB9DE2B09CAD6006CE855 /* screen */,
				A534CC832B09BA3B000898E6 /* model */,
				A534CC802B09B9E2000898E6 /* cell */,
				A534CC6C2B09B918000898E6 /* AppDelegate.swift */,
				A534CC6E2B09B918000898E6 /* SceneDelegate.swift */,
				A534CC702B09B918000898E6 /* ViewController.swift */,
				A534CC722B09B918000898E6 /* Main.storyboard */,
				A534CC752B09B919000898E6 /* Assets.xcassets */,
				A534CC772B09B919000898E6 /* LaunchScreen.storyboard */,
				A534CC7A2B09B919000898E6 /* Info.plist */,
			);
			path = WisataBandung;
			sourceTree = "<group>";
		};
		A534CC802B09B9E2000898E6 /* cell */ = {
			isa = PBXGroup;
			children = (
				A534CC862B09BBCC000898E6 /* WisataTableViewCell.swift */,
				A534CC872B09BBCC000898E6 /* WisataTableViewCell.xib */,
			);
			path = cell;
			sourceTree = "<group>";
		};
		A534CC832B09BA3B000898E6 /* model */ = {
			isa = PBXGroup;
			children = (
				A534CC842B09BA4F000898E6 /* WisataModel.swift */,
			);
			path = model;
			sourceTree = "<group>";
		};
		A58AB9DE2B09CAD6006CE855 /* screen */ = {
			isa = PBXGroup;
			children = (
				A58AB9E12B09CB0A006CE855 /* DetailWisataViewController.swift */,
				A5A4178D2B09E106004D1517 /* ProfileViewController.swift */,
			);
			path = screen;
			sourceTree = "<group>";
		};
/* End PBXGroup section */

/* Begin PBXNativeTarget section */
		A534CC682B09B918000898E6 /* WisataBandung */ = {
			isa = PBXNativeTarget;
			buildConfigurationList = A534CC7D2B09B919000898E6 /* Build configuration list for PBXNativeTarget "WisataBandung" */;
			buildPhases = (
				A534CC652B09B918000898E6 /* Sources */,
				A534CC662B09B918000898E6 /* Frameworks */,
				A534CC672B09B918000898E6 /* Resources */,
			);
			buildRules = (
			);
			dependencies = (
			);
			name = WisataBandung;
			productName = WisataBandung;
			productReference = A534CC692B09B918000898E6 /* WisataBandung.app */;
			productType = "com.apple.product-type.application";
		};
/* End PBXNativeTarget section */

/* Begin PBXProject section */
		A534CC612B09B918000898E6 /* Project object */ = {
			isa = PBXProject;
			attributes = {
				BuildIndependentTargetsInParallel = 1;
				LastSwiftUpdateCheck = 1420;
				LastUpgradeCheck = 1420;
				TargetAttributes = {
					A534CC682B09B918000898E6 = {
						CreatedOnToolsVersion = 14.2;
					};
				};
			};
			buildConfigurationList = A534CC642B09B918000898E6 /* Build configuration list for PBXProject "WisataBandung" */;
			compatibilityVersion = "Xcode 14.0";
			developmentRegion = en;
			hasScannedForEncodings = 0;
			knownRegions = (
				en,
				Base,
			);
			mainGroup = A534CC602B09B918000898E6;
			productRefGroup = A534CC6A2B09B918000898E6 /* Products */;
			projectDirPath = "";
			projectRoot = "";
			targets = (
				A534CC682B09B918000898E6 /* WisataBandung */,
			);
		};
/* End PBXProject section */

/* Begin PBXResourcesBuildPhase section */
		A534CC672B09B918000898E6 /* Resources */ = {
			isa = PBXResourcesBuildPhase;
			buildActionMask = 2147483647;
			files = (
				A534CC892B09BBCC000898E6 /* WisataTableViewCell.xib in Resources */,
				A534CC792B09B919000898E6 /* LaunchScreen.storyboard in Resources */,
				A534CC762B09B919000898E6 /* Assets.xcassets in Resources */,
				A534CC742B09B918000898E6 /* Main.storyboard in Resources */,
			);
			runOnlyForDeploymentPostprocessing = 0;
		};
/* End PBXResourcesBuildPhase section */

/* Begin PBXSourcesBuildPhase section */
		A534CC652B09B918000898E6 /* Sources */ = {
			isa = PBXSourcesBuildPhase;
			buildActionMask = 2147483647;
			files = (
				A534CC882B09BBCC000898E6 /* WisataTableViewCell.swift in Sources */,
				A534CC712B09B918000898E6 /* ViewController.swift in Sources */,
				A534CC6D2B09B918000898E6 /* AppDelegate.swift in Sources */,
				A534CC852B09BA4F000898E6 /* WisataModel.swift in Sources */,
				A5A4178E2B09E106004D1517 /* ProfileViewController.swift in Sources */,
				A58AB9E22B09CB0A006CE855 /* DetailWisataViewController.swift in Sources */,
				A534CC6F2B09B918000898E6 /* SceneDelegate.swift in Sources */,
			);
			runOnlyForDeploymentPostprocessing = 0;
		};
/* End PBXSourcesBuildPhase section */

/* Begin PBXVariantGroup section */
		A534CC722B09B918000898E6 /* Main.storyboard */ = {
			isa = PBXVariantGroup;
			children = (
				A534CC732B09B918000898E6 /* Base */,
			);
			name = Main.storyboard;
			sourceTree = "<group>";
		};
		A534CC772B09B919000898E6 /* LaunchScreen.storyboard */ = {
			isa = PBXVariantGroup;
			children = (
				A534CC782B09B919000898E6 /* Base */,
			);
			name = LaunchScreen.storyboard;
			sourceTree = "<group>";
		};
/* End PBXVariantGroup section */

/* Begin XCBuildConfiguration section */
		A534CC7B2B09B919000898E6 /* Debug */ = {
			isa = XCBuildConfiguration;
			buildSettings = {
				ALWAYS_SEARCH_USER_PATHS = NO;
				CLANG_ANALYZER_NONNULL = YES;
				CLANG_ANALYZER_NUMBER_OBJECT_CONVERSION = YES_AGGRESSIVE;
				CLANG_CXX_LANGUAGE_STANDARD = "gnu++20";
				CLANG_ENABLE_MODULES = YES;
				CLANG_ENABLE_OBJC_ARC = YES;
				CLANG_ENABLE_OBJC_WEAK = YES;
				CLANG_WARN_BLOCK_CAPTURE_AUTORELEASING = YES;
				CLANG_WARN_BOOL_CONVERSION = YES;
				CLANG_WARN_COMMA = YES;
				CLANG_WARN_CONSTANT_CONVERSION = YES;
				CLANG_WARN_DEPRECATED_OBJC_IMPLEMENTATIONS = YES;
				CLANG_WARN_DIRECT_OBJC_ISA_USAGE = YES_ERROR;
				CLANG_WARN_DOCUMENTATION_COMMENTS = YES;
				CLANG_WARN_EMPTY_BODY = YES;
				CLANG_WARN_ENUM_CONVERSION = YES;
				CLANG_WARN_INFINITE_RECURSION = YES;
				CLANG_WARN_INT_CONVERSION = YES;
				CLANG_WARN_NON_LITERAL_NULL_CONVERSION = YES;
				CLANG_WARN_OBJC_IMPLICIT_RETAIN_SELF = YES;
				CLANG_WARN_OBJC_LITERAL_CONVERSION = YES;
				CLANG_WARN_OBJC_ROOT_CLASS = YES_ERROR;
				CLANG_WARN_QUOTED_INCLUDE_IN_FRAMEWORK_HEADER = YES;
				CLANG_WARN_RANGE_LOOP_ANALYSIS = YES;
				CLANG_WARN_STRICT_PROTOTYPES = YES;
				CLANG_WARN_SUSPICIOUS_MOVE = YES;
				CLANG_WARN_UNGUARDED_AVAILABILITY = YES_AGGRESSIVE;
				CLANG_WARN_UNREACHABLE_CODE = YES;
				CLANG_WARN__DUPLICATE_METHOD_MATCH = YES;
				COPY_PHASE_STRIP = NO;
				DEBUG_INFORMATION_FORMAT = dwarf;
				ENABLE_STRICT_OBJC_MSGSEND = YES;
				ENABLE_TESTABILITY = YES;
				GCC_C_LANGUAGE_STANDARD = gnu11;
				GCC_DYNAMIC_NO_PIC = NO;
				GCC_NO_COMMON_BLOCKS = YES;
				GCC_OPTIMIZATION_LEVEL = 0;
				GCC_PREPROCESSOR_DEFINITIONS = (
					"DEBUG=1",
					"$(inherited)",
				);
				GCC_WARN_64_TO_32_BIT_CONVERSION = YES;
				GCC_WARN_ABOUT_RETURN_TYPE = YES_ERROR;
				GCC_WARN_UNDECLARED_SELECTOR = YES;
				GCC_WARN_UNINITIALIZED_AUTOS = YES_AGGRESSIVE;
				GCC_WARN_UNUSED_FUNCTION = YES;
				GCC_WARN_UNUSED_VARIABLE = YES;
				IPHONEOS_DEPLOYMENT_TARGET = 16.2;
				MTL_ENABLE_DEBUG_INFO = INCLUDE_SOURCE;
				MTL_FAST_MATH = YES;
				ONLY_ACTIVE_ARCH = YES;
				SDKROOT = iphoneos;
				SWIFT_ACTIVE_COMPILATION_CONDITIONS = DEBUG;
				SWIFT_OPTIMIZATION_LEVEL = "-Onone";
			};
			name = Debug;
		};
		A534CC7C2B09B919000898E6 /* Release */ = {
			isa = XCBuildConfiguration;
			buildSettings = {
				ALWAYS_SEARCH_USER_PATHS = NO;
				CLANG_ANALYZER_NONNULL = YES;
				CLANG_ANALYZER_NUMBER_OBJECT_CONVERSION = YES_AGGRESSIVE;
				CLANG_CXX_LANGUAGE_STANDARD = "gnu++20";
				CLANG_ENABLE_MODULES = YES;
				CLANG_ENABLE_OBJC_ARC = YES;
				CLANG_ENABLE_OBJC_WEAK = YES;
				CLANG_WARN_BLOCK_CAPTURE_AUTORELEASING = YES;
				CLANG_WARN_BOOL_CONVERSION = YES;
				CLANG_WARN_COMMA = YES;
				CLANG_WARN_CONSTANT_CONVERSION = YES;
				CLANG_WARN_DEPRECATED_OBJC_IMPLEMENTATIONS = YES;
				CLANG_WARN_DIRECT_OBJC_ISA_USAGE = YES_ERROR;
				CLANG_WARN_DOCUMENTATION_COMMENTS = YES;
				CLANG_WARN_EMPTY_BODY = YES;
				CLANG_WARN_ENUM_CONVERSION = YES;
				CLANG_WARN_INFINITE_RECURSION = YES;
				CLANG_WARN_INT_CONVERSION = YES;
				CLANG_WARN_NON_LITERAL_NULL_CONVERSION = YES;
				CLANG_WARN_OBJC_IMPLICIT_RETAIN_SELF = YES;
				CLANG_WARN_OBJC_LITERAL_CONVERSION = YES;
				CLANG_WARN_OBJC_ROOT_CLASS = YES_ERROR;
				CLANG_WARN_QUOTED_INCLUDE_IN_FRAMEWORK_HEADER = YES;
				CLANG_WARN_RANGE_LOOP_ANALYSIS = YES;
				CLANG_WARN_STRICT_PROTOTYPES = YES;
				CLANG_WARN_SUSPICIOUS_MOVE = YES;
				CLANG_WARN_UNGUARDED_AVAILABILITY = YES_AGGRESSIVE;
				CLANG_WARN_UNREACHABLE_CODE = YES;
				CLANG_WARN__DUPLICATE_METHOD_MATCH = YES;
				COPY_PHASE_STRIP = NO;
				DEBUG_INFORMATION_FORMAT = "dwarf-with-dsym";
				ENABLE_NS_ASSERTIONS = NO;
				ENABLE_STRICT_OBJC_MSGSEND = YES;
				GCC_C_LANGUAGE_STANDARD = gnu11;
				GCC_NO_COMMON_BLOCKS = YES;
				GCC_WARN_64_TO_32_BIT_CONVERSION = YES;
				GCC_WARN_ABOUT_RETURN_TYPE = YES_ERROR;
				GCC_WARN_UNDECLARED_SELECTOR = YES;
				GCC_WARN_UNINITIALIZED_AUTOS = YES_AGGRESSIVE;
				GCC_WARN_UNUSED_FUNCTION = YES;
				GCC_WARN_UNUSED_VARIABLE = YES;
				IPHONEOS_DEPLOYMENT_TARGET = 16.2;
				MTL_ENABLE_DEBUG_INFO = NO;
				MTL_FAST_MATH = YES;
				SDKROOT = iphoneos;
				SWIFT_COMPILATION_MODE = wholemodule;
				SWIFT_OPTIMIZATION_LEVEL = "-O";
				VALIDATE_PRODUCT = YES;
			};
			name = Release;
		};
		A534CC7E2B09B919000898E6 /* Debug */ = {
			isa = XCBuildConfiguration;
			buildSettings = {
				ASSETCATALOG_COMPILER_APPICON_NAME = AppIcon;
				ASSETCATALOG_COMPILER_GLOBAL_ACCENT_COLOR_NAME = AccentColor;
				CODE_SIGN_STYLE = Automatic;
				CURRENT_PROJECT_VERSION = 1;
				GENERATE_INFOPLIST_FILE = YES;
				INFOPLIST_FILE = WisataBandung/Info.plist;
				INFOPLIST_KEY_UIApplicationSupportsIndirectInputEvents = YES;
				INFOPLIST_KEY_UILaunchStoryboardName = LaunchScreen;
				INFOPLIST_KEY_UIMainStoryboardFile = Main;
				INFOPLIST_KEY_UISupportedInterfaceOrientations_iPad = "UIInterfaceOrientationPortrait UIInterfaceOrientationPortraitUpsideDown UIInterfaceOrientationLandscapeLeft UIInterfaceOrientationLandscapeRight";
				INFOPLIST_KEY_UISupportedInterfaceOrientations_iPhone = "UIInterfaceOrientationPortrait UIInterfaceOrientationLandscapeLeft UIInterfaceOrientationLandscapeRight";
				LD_RUNPATH_SEARCH_PATHS = (
					"$(inherited)",
					"@executable_path/Frameworks",
				);
				MARKETING_VERSION = 1.0;
				PRODUCT_BUNDLE_IDENTIFIER = com.prima.dicoding.WisataBandung;
				PRODUCT_NAME = "$(TARGET_NAME)";
				SWIFT_EMIT_LOC_STRINGS = YES;
				SWIFT_VERSION = 5.0;
				TARGETED_DEVICE_FAMILY = "1,2";
			};
			name = Debug;
		};
		A534CC7F2B09B919000898E6 /* Release */ = {
			isa = XCBuildConfiguration;
			buildSettings = {
				ASSETCATALOG_COMPILER_APPICON_NAME = AppIcon;
				ASSETCATALOG_COMPILER_GLOBAL_ACCENT_COLOR_NAME = AccentColor;
				CODE_SIGN_STYLE = Automatic;
				CURRENT_PROJECT_VERSION = 1;
				GENERATE_INFOPLIST_FILE = YES;
				INFOPLIST_FILE = WisataBandung/Info.plist;
				INFOPLIST_KEY_UIApplicationSupportsIndirectInputEvents = YES;
				INFOPLIST_KEY_UILaunchStoryboardName = LaunchScreen;
				INFOPLIST_KEY_UIMainStoryboardFile = Main;
				INFOPLIST_KEY_UISupportedInterfaceOrientations_iPad = "UIInterfaceOrientationPortrait UIInterfaceOrientationPortraitUpsideDown UIInterfaceOrientationLandscapeLeft UIInterfaceOrientationLandscapeRight";
				INFOPLIST_KEY_UISupportedInterfaceOrientations_iPhone = "UIInterfaceOrientationPortrait UIInterfaceOrientationLandscapeLeft UIInterfaceOrientationLandscapeRight";
				LD_RUNPATH_SEARCH_PATHS = (
					"$(inherited)",
					"@executable_path/Frameworks",
				);
				MARKETING_VERSION = 1.0;
				PRODUCT_BUNDLE_IDENTIFIER = com.prima.dicoding.WisataBandung;
				PRODUCT_NAME = "$(TARGET_NAME)";
				SWIFT_EMIT_LOC_STRINGS = YES;
				SWIFT_VERSION = 5.0;
				TARGETED_DEVICE_FAMILY = "1,2";
			};
			name = Release;
		};
/* End XCBuildConfiguration section */

/* Begin XCConfigurationList section */
		A534CC642B09B918000898E6 /* Build configuration list for PBXProject "WisataBandung" */ = {
			isa = XCConfigurationList;
			buildConfigurations = (
				A534CC7B2B09B919000898E6 /* Debug */,
				A534CC7C2B09B919000898E6 /* Release */,
			);
			defaultConfigurationIsVisible = 0;
			defaultConfigurationName = Release;
		};
		A534CC7D2B09B919000898E6 /* Build configuration list for PBXNativeTarget "WisataBandung" */ = {
			isa = XCConfigurationList;
			buildConfigurations = (
				A534CC7E2B09B919000898E6 /* Debug */,
				A534CC7F2B09B919000898E6 /* Release */,
			);
			defaultConfigurationIsVisible = 0;
			defaultConfigurationName = Release;
		};
/* End XCConfigurationList section */
	};
	rootObject = A534CC612B09B918000898E6 /* Project object */;
}
